
Microsoft Visual Studio Solution File, Format Version 12.00
# Visual Studio Version 17
VisualStudioVersion = 17.4.33213.308
MinimumVisualStudioVersion = 10.0.40219.1
Project("{FAE04EC0-301F-11D3-BF4B-00C04F79EFBC}") = "zad1", "zad1\zad1.csproj", "{D6E7B940-C397-4B00-939C-044E7C813092}"
EndProject
Global
	GlobalSection(SolutionConfigurationPlatforms) = preSolution
		Debug|Any CPU = Debug|Any CPU
		Release|Any CPU = Release|Any CPU
	EndGlobalSection
	GlobalSection(ProjectConfigurationPlatforms) = postSolution
		{D6E7B940-C397-4B00-939C-044E7C813092}.Debug|Any CPU.ActiveCfg = Debug|Any CPU
		{D6E7B940-C397-4B00-939C-044E7C813092}.Debug|Any CPU.Build.0 = Debug|Any CPU
		{D6E7B940-C397-4B00-939C-044E7C813092}.Release|Any CPU.ActiveCfg = Release|Any CPU
		{D6E7B940-C397-4B00-939C-044E7C813092}.Release|Any CPU.Build.0 = Release|Any CPU
	EndGlobalSection
	GlobalSection(SolutionProperties) = preSolution
		HideSolutionNode = FALSE
	EndGlobalSection
	GlobalSection(ExtensibilityGlobals) = postSolution
		SolutionGuid = {EF8FCFEF-DB8A-4FBE-A63F-0E72A0B3F411}
	EndGlobalSection
EndGlobal
